
Microsoft Visual Studio Solution File, Format Version 12.00
# Visual Studio Version 16
VisualStudioVersion = 16.0.32002.261
MinimumVisualStudioVersion = 10.0.40219.1
Project("{FAE04EC0-301F-11D3-BF4B-00C04F79EFBC}") = "LS_9_Functions_pt3", "LS_9_Functions_pt3.csproj", "{8E8BE6DD-2592-4ED1-98F7-CF4B9C1AE9E6}"
EndProject
Global
	GlobalSection(SolutionConfigurationPlatforms) = preSolution
		Debug|Any CPU = Debug|Any CPU
		Release|Any CPU = Release|Any CPU
	EndGlobalSection
	GlobalSection(ProjectConfigurationPlatforms) = postSolution
		{8E8BE6DD-2592-4ED1-98F7-CF4B9C1AE9E6}.Debug|Any CPU.ActiveCfg = Debug|Any CPU
		{8E8BE6DD-2592-4ED1-98F7-CF4B9C1AE9E6}.Debug|Any CPU.Build.0 = Debug|Any CPU
		{8E8BE6DD-2592-4ED1-98F7-CF4B9C1AE9E6}.Release|Any CPU.ActiveCfg = Release|Any CPU
		{8E8BE6DD-2592-4ED1-98F7-CF4B9C1AE9E6}.Release|Any CPU.Build.0 = Release|Any CPU
	EndGlobalSection
	GlobalSection(SolutionProperties) = preSolution
		HideSolutionNode = FALSE
	EndGlobalSection
	GlobalSection(ExtensibilityGlobals) = postSolution
		SolutionGuid = {20FE7184-A1F7-4158-A8FC-C0081D4FC19B}
	EndGlobalSection
EndGlobal
